
Microsoft Visual Studio Solution File, Format Version 12.00
# Visual Studio 14
VisualStudioVersion = 14.0.24720.0
MinimumVisualStudioVersion = 10.0.40219.1
Project("{FAE04EC0-301F-11D3-BF4B-00C04F79EFBC}") = "Framework.Core", "Framework.Core\Framework.Core.csproj", "{A9AAE087-D85E-4042-B5B7-C1DA7315DF28}"
EndProject
Project("{FAE04EC0-301F-11D3-BF4B-00C04F79EFBC}") = "Framework.Data", "Framework.Data\Framework.Data.csproj", "{EC35466A-241C-4CBC-990C-C3695FD29A22}"
EndProject
Project("{FAE04EC0-301F-11D3-BF4B-00C04F79EFBC}") = "Framework.Factory", "Framework.Factory\Framework.Factory.csproj", "{5A0032B0-780A-43C0-8CC0-04F3CD77336A}"
EndProject
Project("{FAE04EC0-301F-11D3-BF4B-00C04F79EFBC}") = "Framework.Blocks", "Framework.Blocks\Framework.Blocks.csproj", "{A3F65F3E-D617-4A75-82B8-4E31731545FF}"
EndProject
Project("{FAE04EC0-301F-11D3-BF4B-00C04F79EFBC}") = "Framework.AppEngine", "Framework.AppEngine\Framework.AppEngine.csproj", "{BB6E1867-92A8-45BA-BD1B-95B672FC9728}"
EndProject
Project("{FAE04EC0-301F-11D3-BF4B-00C04F79EFBC}") = "Framework.Charting", "Framework.Charting\Framework.Charting.csproj", "{8E8C0642-E92C-4FA3-B127-7A6383870D37}"
EndProject
Project("{FAE04EC0-301F-11D3-BF4B-00C04F79EFBC}") = "Framework.CMS", "Framework.CMS\Framework.CMS.csproj", "{6CE4FDCD-C77E-484F-9904-55223C303358}"
EndProject
Project("{FAE04EC0-301F-11D3-BF4B-00C04F79EFBC}") = "Framework.Drawing", "Framework.Drawing\Framework.Drawing.csproj", "{A6A024F6-4B1C-44A3-A66B-C73EDD58B3FC}"
EndProject
Project("{FAE04EC0-301F-11D3-BF4B-00C04F79EFBC}") = "Framework.Text", "Framework.Text\Framework.Text.csproj", "{348A49F2-9AB0-4D0F-9804-6582CF60F6F4}"
EndProject
Project("{FAE04EC0-301F-11D3-BF4B-00C04F79EFBC}") = "Framework.Time", "Framework.Time\Framework.Time.csproj", "{7106BE6F-A03C-4FC0-B812-283B35DD6957}"
EndProject
Project("{FAE04EC0-301F-11D3-BF4B-00C04F79EFBC}") = "Framework.Cryptography", "Framework.Cryptography\Framework.Cryptography.csproj", "{D13E3047-98B2-47B0-A9D6-35DEDB8459ED}"
EndProject
Project("{FAE04EC0-301F-11D3-BF4B-00C04F79EFBC}") = "Framework.Shell", "Framework.Shell\Framework.Shell.csproj", "{4D8BC1F3-1D0A-436F-8E79-2FCB51CAD64A}"
EndProject
Project("{FAE04EC0-301F-11D3-BF4B-00C04F79EFBC}") = "Framework.FileSystem", "Framework.FileSystem\Framework.FileSystem.csproj", "{C0630C47-92D3-482D-859F-86E0AB8D3E6F}"
EndProject
Project("{FAE04EC0-301F-11D3-BF4B-00C04F79EFBC}") = "Framework.Forms", "Framework.Forms\Framework.Forms.csproj", "{12F96190-7BB7-4F01-BEF0-03591D5AE9C1}"
EndProject
Project("{FAE04EC0-301F-11D3-BF4B-00C04F79EFBC}") = "Framework.Localization", "Framework.Localization\Framework.Localization.csproj", "{4605E740-4E65-4BE5-A191-834804595E8F}"
EndProject
Project("{FAE04EC0-301F-11D3-BF4B-00C04F79EFBC}") = "Framework.Watcher", "Framework.Watcher\Framework.Watcher.csproj", "{2AE5048A-E359-4DE7-9223-F0D9CF4E97D3}"
EndProject
Project("{FAE04EC0-301F-11D3-BF4B-00C04F79EFBC}") = "Framework.Utils", "Framework.Utils\Framework.Utils.csproj", "{0EAE41AD-8A59-40E1-9CE4-5627ED7D77DF}"
EndProject
Project("{FAE04EC0-301F-11D3-BF4B-00C04F79EFBC}") = "Framework.Users", "Framework.Users\Framework.Users.csproj", "{B8A2F462-1A60-4028-A136-0FDC817F60CF}"
EndProject
Project("{FAE04EC0-301F-11D3-BF4B-00C04F79EFBC}") = "Framework.Ticker", "Framework.Ticker\Framework.Ticker.csproj", "{4E959E29-14F4-425F-9002-DCFCF95DA0E4}"
EndProject
Project("{FAE04EC0-301F-11D3-BF4B-00C04F79EFBC}") = "Framework.Types", "Framework.Types\Framework.Types.csproj", "{88175EB3-3748-45DD-86DB-5C226F642C53}"
EndProject
Project("{FAE04EC0-301F-11D3-BF4B-00C04F79EFBC}") = "Framework.Templates", "Framework.Templates\Framework.Templates.csproj", "{B4935FCB-76E7-4AC6-9F6D-89A6E97F3CE3}"
EndProject
Project("{FAE04EC0-301F-11D3-BF4B-00C04F79EFBC}") = "Framework.Search", "Framework.Search\Framework.Search.csproj", "{9201F213-D8E3-4F69-BF05-8B6540AE99E2}"
EndProject
Project("{FAE04EC0-301F-11D3-BF4B-00C04F79EFBC}") = "Framework.RequestQueue", "Framework.RequestQueue\Framework.RequestQueue.csproj", "{8471A7BF-EF6E-4FF4-918C-754E9E37EB63}"
EndProject
Project("{FAE04EC0-301F-11D3-BF4B-00C04F79EFBC}") = "Framework.Reporting", "Framework.Reporting\Framework.Reporting.csproj", "{89BB6AD5-6B06-415C-B460-965DC5E39B8B}"
EndProject
Project("{FAE04EC0-301F-11D3-BF4B-00C04F79EFBC}") = "Framework.Pages", "Framework.Pages\Framework.Pages.csproj", "{B7701D2A-54F2-430A-88C3-8EF5E4843732}"
EndProject
Project("{FAE04EC0-301F-11D3-BF4B-00C04F79EFBC}") = "Framework.Packages", "Framework.Packages\Framework.Packages.csproj", "{5D3C5A1A-F582-4C50-9036-E466D3F79446}"
EndProject
Project("{FAE04EC0-301F-11D3-BF4B-00C04F79EFBC}") = "Framework.Models", "Framework.Models\Framework.Models.csproj", "{EEFD71D7-DF7A-46B2-B31A-E66CDD14AB5E}"
EndProject
Project("{FAE04EC0-301F-11D3-BF4B-00C04F79EFBC}") = "Framework.Logging", "Framework.Logging\Framework.Logging.csproj", "{A14645C3-44DA-491D-B290-5B9B3497BD9E}"
EndProject
Project("{FAE04EC0-301F-11D3-BF4B-00C04F79EFBC}") = "Framework.Maps", "Framework.Maps\Framework.Maps.csproj", "{3DE7D102-2D04-410D-9110-9D805E649979}"
EndProject
Project("{FAE04EC0-301F-11D3-BF4B-00C04F79EFBC}") = "Framework.Components", "Framework.Components\Framework.Components.csproj", "{4EF44137-5CF7-4DAE-A5CA-C3ECD9F20937}"
EndProject
Project("{FAE04EC0-301F-11D3-BF4B-00C04F79EFBC}") = "Framework.Comm", "Framework.Comm\Framework.Comm.csproj", "{DF072C9D-45F4-4EE7-A243-A155E6A79A7B}"
EndProject
Project("{FAE04EC0-301F-11D3-BF4B-00C04F79EFBC}") = "Framework.Configuration", "Framework.Configuration\Framework.Configuration.csproj", "{6C07C50F-A704-4EB1-B6BD-3B629F7F5729}"
EndProject
Project("{FAE04EC0-301F-11D3-BF4B-00C04F79EFBC}") = "Framework.Navigation", "Framework.Navigation\Framework.Navigation.csproj", "{0E537A63-C299-4C42-B3BC-4E98A73377D9}"
EndProject
Project("{FAE04EC0-301F-11D3-BF4B-00C04F79EFBC}") = "Framework.Scripts", "Framework.Scripts\Framework.Scripts.csproj", "{874C8DB8-7F8F-4A0F-A1CC-352077441634}"
EndProject
Project("{FAE04EC0-301F-11D3-BF4B-00C04F79EFBC}") = "Framework.Auth", "Framework.Auth\Framework.Auth.csproj", "{13B3C667-C1D6-4736-BEE7-70F608538914}"
EndProject
Project("{FAE04EC0-301F-11D3-BF4B-00C04F79EFBC}") = "Framework.APIs", "Framework.APIs\Framework.APIs.csproj", "{1CA157BE-CD57-43BC-9AFC-AB4CE0EAC87C}"
EndProject
Project("{FAE04EC0-301F-11D3-BF4B-00C04F79EFBC}") = "Framework.Data.EntityFramework", "Framework.Data.EntityFramework\Framework.Data.EntityFramework.csproj", "{5E629E67-AE42-49D3-8A92-A89F756457B4}"
EndProject
Project("{FAE04EC0-301F-11D3-BF4B-00C04F79EFBC}") = "Framework.Data.Mongo", "Framework.Data.Mongo\Framework.Data.Mongo.csproj", "{0792E995-DD6C-4CFD-9B2F-C4B6F4665E1E}"
EndProject
Project("{FAE04EC0-301F-11D3-BF4B-00C04F79EFBC}") = "Framework.Data.GoogleCloud", "Framework.Data.GoogleCloud\Framework.Data.GoogleCloud.csproj", "{1C5594D7-63C5-4D6F-A64A-5DBD40EC97C5}"
EndProject
Project("{FAE04EC0-301F-11D3-BF4B-00C04F79EFBC}") = "Framework.FileSystem.EntityFramework", "Framework.FileSystem.EntityFramework\Framework.FileSystem.EntityFramework.csproj", "{3721C17F-325D-454C-B158-081591F96BC9}"
EndProject
Project("{FAE04EC0-301F-11D3-BF4B-00C04F79EFBC}") = "Framework.FileSystem.GoogleCloud", "Framework.FileSystem.GoogleCloud\Framework.FileSystem.GoogleCloud.csproj", "{5278DA0E-E85A-41C4-A359-17A420B75DBB}"
EndProject
Project("{FAE04EC0-301F-11D3-BF4B-00C04F79EFBC}") = "Framework.Web", "Framework.Web\Framework.Web.csproj", "{AB6AB9F2-E765-4CB6-AEDE-A5CB3BCC8794}"
EndProject
Project("{FAE04EC0-301F-11D3-BF4B-00C04F79EFBC}") = "Framework.Scripts.DataScript", "Framework.Scripts.DataScript\Framework.Scripts.DataScript.csproj", "{4370EB83-F28C-4A8A-BA09-AA78DDC67E65}"
EndProject
Project("{FAE04EC0-301F-11D3-BF4B-00C04F79EFBC}") = "Framework.App.SingleWebApp", "Framework.App.SingleWebApp\Framework.App.SingleWebApp.csproj", "{63FFC8AF-BB9E-4425-BE01-51CF344A33AC}"
EndProject
Project("{FAE04EC0-301F-11D3-BF4B-00C04F79EFBC}") = "Framework.App.Angular", "Framework.App.Angular\Framework.App.Angular.csproj", "{165F0958-006A-4791-8B3F-E23FD56C7087}"
EndProject
Project("{FAE04EC0-301F-11D3-BF4B-00C04F79EFBC}") = "Framework.App.Server", "Framework.App.Server\Framework.App.Server.csproj", "{E1D5FEB8-5011-4E76-9568-E9B22735C0B4}"
EndProject
Project("{FAE04EC0-301F-11D3-BF4B-00C04F79EFBC}") = "Framework.Docs", "Framework.Docs\Framework.Docs.csproj", "{8DEE43B5-4063-4F9D-974A-C368C8294178}"
EndProject
Project("{FAE04EC0-301F-11D3-BF4B-00C04F79EFBC}") = "Framework.Client", "Framework.Client\Framework.Client.csproj", "{B564287E-94B9-485F-B381-4472CC5A3A89}"
EndProject
Project("{FAE04EC0-301F-11D3-BF4B-00C04F79EFBC}") = "Framework.Klowd", "Framework.Klowd\Framework.Klowd.csproj", "{AE265438-E5D0-4353-8D64-4C1F1D972A4E}"
EndProject
Global
	GlobalSection(SolutionConfigurationPlatforms) = preSolution
		Debug|Any CPU = Debug|Any CPU
		Deploy [DEBUG]|Any CPU = Deploy [DEBUG]|Any CPU
		Deploy [RELEASE]|Any CPU = Deploy [RELEASE]|Any CPU
		NuGet|Any CPU = NuGet|Any CPU
		Release|Any CPU = Release|Any CPU
	EndGlobalSection
	GlobalSection(ProjectConfigurationPlatforms) = postSolution
		{A9AAE087-D85E-4042-B5B7-C1DA7315DF28}.Debug|Any CPU.ActiveCfg = Debug|Any CPU
		{A9AAE087-D85E-4042-B5B7-C1DA7315DF28}.Debug|Any CPU.Build.0 = Debug|Any CPU
		{A9AAE087-D85E-4042-B5B7-C1DA7315DF28}.Deploy [DEBUG]|Any CPU.ActiveCfg = Debug|Any CPU
		{A9AAE087-D85E-4042-B5B7-C1DA7315DF28}.Deploy [DEBUG]|Any CPU.Build.0 = Debug|Any CPU
		{A9AAE087-D85E-4042-B5B7-C1DA7315DF28}.Deploy [RELEASE]|Any CPU.ActiveCfg = Debug|Any CPU
		{A9AAE087-D85E-4042-B5B7-C1DA7315DF28}.Deploy [RELEASE]|Any CPU.Build.0 = Debug|Any CPU
		{A9AAE087-D85E-4042-B5B7-C1DA7315DF28}.NuGet|Any CPU.ActiveCfg = Release|Any CPU
		{A9AAE087-D85E-4042-B5B7-C1DA7315DF28}.NuGet|Any CPU.Build.0 = Release|Any CPU
		{A9AAE087-D85E-4042-B5B7-C1DA7315DF28}.Release|Any CPU.ActiveCfg = Release|Any CPU
		{A9AAE087-D85E-4042-B5B7-C1DA7315DF28}.Release|Any CPU.Build.0 = Release|Any CPU
		{EC35466A-241C-4CBC-990C-C3695FD29A22}.Debug|Any CPU.ActiveCfg = Debug|Any CPU
		{EC35466A-241C-4CBC-990C-C3695FD29A22}.Debug|Any CPU.Build.0 = Debug|Any CPU
		{EC35466A-241C-4CBC-990C-C3695FD29A22}.Deploy [DEBUG]|Any CPU.ActiveCfg = Debug|Any CPU
		{EC35466A-241C-4CBC-990C-C3695FD29A22}.Deploy [DEBUG]|Any CPU.Build.0 = Debug|Any CPU
		{EC35466A-241C-4CBC-990C-C3695FD29A22}.Deploy [RELEASE]|Any CPU.ActiveCfg = Debug|Any CPU
		{EC35466A-241C-4CBC-990C-C3695FD29A22}.Deploy [RELEASE]|Any CPU.Build.0 = Debug|Any CPU
		{EC35466A-241C-4CBC-990C-C3695FD29A22}.NuGet|Any CPU.ActiveCfg = Release|Any CPU
		{EC35466A-241C-4CBC-990C-C3695FD29A22}.NuGet|Any CPU.Build.0 = Release|Any CPU
		{EC35466A-241C-4CBC-990C-C3695FD29A22}.Release|Any CPU.ActiveCfg = Release|Any CPU
		{EC35466A-241C-4CBC-990C-C3695FD29A22}.Release|Any CPU.Build.0 = Release|Any CPU
		{5A0032B0-780A-43C0-8CC0-04F3CD77336A}.Debug|Any CPU.ActiveCfg = Debug|Any CPU
		{5A0032B0-780A-43C0-8CC0-04F3CD77336A}.Debug|Any CPU.Build.0 = Debug|Any CPU
		{5A0032B0-780A-43C0-8CC0-04F3CD77336A}.Deploy [DEBUG]|Any CPU.ActiveCfg = Debug|Any CPU
		{5A0032B0-780A-43C0-8CC0-04F3CD77336A}.Deploy [DEBUG]|Any CPU.Build.0 = Debug|Any CPU
		{5A0032B0-780A-43C0-8CC0-04F3CD77336A}.Deploy [RELEASE]|Any CPU.ActiveCfg = Debug|Any CPU
		{5A0032B0-780A-43C0-8CC0-04F3CD77336A}.Deploy [RELEASE]|Any CPU.Build.0 = Debug|Any CPU
		{5A0032B0-780A-43C0-8CC0-04F3CD77336A}.NuGet|Any CPU.ActiveCfg = Release|Any CPU
		{5A0032B0-780A-43C0-8CC0-04F3CD77336A}.NuGet|Any CPU.Build.0 = Release|Any CPU
		{5A0032B0-780A-43C0-8CC0-04F3CD77336A}.Release|Any CPU.ActiveCfg = Release|Any CPU
		{5A0032B0-780A-43C0-8CC0-04F3CD77336A}.Release|Any CPU.Build.0 = Release|Any CPU
		{A3F65F3E-D617-4A75-82B8-4E31731545FF}.Debug|Any CPU.ActiveCfg = Debug|Any CPU
		{A3F65F3E-D617-4A75-82B8-4E31731545FF}.Debug|Any CPU.Build.0 = Debug|Any CPU
		{A3F65F3E-D617-4A75-82B8-4E31731545FF}.Deploy [DEBUG]|Any CPU.ActiveCfg = Debug|Any CPU
		{A3F65F3E-D617-4A75-82B8-4E31731545FF}.Deploy [DEBUG]|Any CPU.Build.0 = Debug|Any CPU
		{A3F65F3E-D617-4A75-82B8-4E31731545FF}.Deploy [RELEASE]|Any CPU.ActiveCfg = Debug|Any CPU
		{A3F65F3E-D617-4A75-82B8-4E31731545FF}.Deploy [RELEASE]|Any CPU.Build.0 = Debug|Any CPU
		{A3F65F3E-D617-4A75-82B8-4E31731545FF}.NuGet|Any CPU.ActiveCfg = Release|Any CPU
		{A3F65F3E-D617-4A75-82B8-4E31731545FF}.NuGet|Any CPU.Build.0 = Release|Any CPU
		{A3F65F3E-D617-4A75-82B8-4E31731545FF}.Release|Any CPU.ActiveCfg = Release|Any CPU
		{A3F65F3E-D617-4A75-82B8-4E31731545FF}.Release|Any CPU.Build.0 = Release|Any CPU
		{BB6E1867-92A8-45BA-BD1B-95B672FC9728}.Debug|Any CPU.ActiveCfg = Debug|Any CPU
		{BB6E1867-92A8-45BA-BD1B-95B672FC9728}.Debug|Any CPU.Build.0 = Debug|Any CPU
		{BB6E1867-92A8-45BA-BD1B-95B672FC9728}.Deploy [DEBUG]|Any CPU.ActiveCfg = Debug|Any CPU
		{BB6E1867-92A8-45BA-BD1B-95B672FC9728}.Deploy [DEBUG]|Any CPU.Build.0 = Debug|Any CPU
		{BB6E1867-92A8-45BA-BD1B-95B672FC9728}.Deploy [RELEASE]|Any CPU.ActiveCfg = Debug|Any CPU
		{BB6E1867-92A8-45BA-BD1B-95B672FC9728}.Deploy [RELEASE]|Any CPU.Build.0 = Debug|Any CPU
		{BB6E1867-92A8-45BA-BD1B-95B672FC9728}.NuGet|Any CPU.ActiveCfg = Release|Any CPU
		{BB6E1867-92A8-45BA-BD1B-95B672FC9728}.NuGet|Any CPU.Build.0 = Release|Any CPU
		{BB6E1867-92A8-45BA-BD1B-95B672FC9728}.Release|Any CPU.ActiveCfg = Release|Any CPU
		{BB6E1867-92A8-45BA-BD1B-95B672FC9728}.Release|Any CPU.Build.0 = Release|Any CPU
		{8E8C0642-E92C-4FA3-B127-7A6383870D37}.Debug|Any CPU.ActiveCfg = Debug|Any CPU
		{8E8C0642-E92C-4FA3-B127-7A6383870D37}.Debug|Any CPU.Build.0 = Debug|Any CPU
		{8E8C0642-E92C-4FA3-B127-7A6383870D37}.Deploy [DEBUG]|Any CPU.ActiveCfg = Debug|Any CPU
		{8E8C0642-E92C-4FA3-B127-7A6383870D37}.Deploy [DEBUG]|Any CPU.Build.0 = Debug|Any CPU
		{8E8C0642-E92C-4FA3-B127-7A6383870D37}.Deploy [RELEASE]|Any CPU.ActiveCfg = Debug|Any CPU
		{8E8C0642-E92C-4FA3-B127-7A6383870D37}.Deploy [RELEASE]|Any CPU.Build.0 = Debug|Any CPU
		{8E8C0642-E92C-4FA3-B127-7A6383870D37}.NuGet|Any CPU.ActiveCfg = Release|Any CPU
		{8E8C0642-E92C-4FA3-B127-7A6383870D37}.NuGet|Any CPU.Build.0 = Release|Any CPU
		{8E8C0642-E92C-4FA3-B127-7A6383870D37}.Release|Any CPU.ActiveCfg = Release|Any CPU
		{8E8C0642-E92C-4FA3-B127-7A6383870D37}.Release|Any CPU.Build.0 = Release|Any CPU
		{6CE4FDCD-C77E-484F-9904-55223C303358}.Debug|Any CPU.ActiveCfg = Debug|Any CPU
		{6CE4FDCD-C77E-484F-9904-55223C303358}.Debug|Any CPU.Build.0 = Debug|Any CPU
		{6CE4FDCD-C77E-484F-9904-55223C303358}.Deploy [DEBUG]|Any CPU.ActiveCfg = Debug|Any CPU
		{6CE4FDCD-C77E-484F-9904-55223C303358}.Deploy [DEBUG]|Any CPU.Build.0 = Debug|Any CPU
		{6CE4FDCD-C77E-484F-9904-55223C303358}.Deploy [RELEASE]|Any CPU.ActiveCfg = Debug|Any CPU
		{6CE4FDCD-C77E-484F-9904-55223C303358}.Deploy [RELEASE]|Any CPU.Build.0 = Debug|Any CPU
		{6CE4FDCD-C77E-484F-9904-55223C303358}.NuGet|Any CPU.ActiveCfg = NuGet|Any CPU
		{6CE4FDCD-C77E-484F-9904-55223C303358}.NuGet|Any CPU.Build.0 = NuGet|Any CPU
		{6CE4FDCD-C77E-484F-9904-55223C303358}.Release|Any CPU.ActiveCfg = Release|Any CPU
		{6CE4FDCD-C77E-484F-9904-55223C303358}.Release|Any CPU.Build.0 = Release|Any CPU
		{A6A024F6-4B1C-44A3-A66B-C73EDD58B3FC}.Debug|Any CPU.ActiveCfg = Debug|Any CPU
		{A6A024F6-4B1C-44A3-A66B-C73EDD58B3FC}.Debug|Any CPU.Build.0 = Debug|Any CPU
		{A6A024F6-4B1C-44A3-A66B-C73EDD58B3FC}.Deploy [DEBUG]|Any CPU.ActiveCfg = Debug|Any CPU
		{A6A024F6-4B1C-44A3-A66B-C73EDD58B3FC}.Deploy [DEBUG]|Any CPU.Build.0 = Debug|Any CPU
		{A6A024F6-4B1C-44A3-A66B-C73EDD58B3FC}.Deploy [RELEASE]|Any CPU.ActiveCfg = Debug|Any CPU
		{A6A024F6-4B1C-44A3-A66B-C73EDD58B3FC}.Deploy [RELEASE]|Any CPU.Build.0 = Debug|Any CPU
		{A6A024F6-4B1C-44A3-A66B-C73EDD58B3FC}.NuGet|Any CPU.ActiveCfg = NuGet|Any CPU
		{A6A024F6-4B1C-44A3-A66B-C73EDD58B3FC}.NuGet|Any CPU.Build.0 = NuGet|Any CPU
		{A6A024F6-4B1C-44A3-A66B-C73EDD58B3FC}.Release|Any CPU.ActiveCfg = Release|Any CPU
		{A6A024F6-4B1C-44A3-A66B-C73EDD58B3FC}.Release|Any CPU.Build.0 = Release|Any CPU
		{348A49F2-9AB0-4D0F-9804-6582CF60F6F4}.Debug|Any CPU.ActiveCfg = Debug|Any CPU
		{348A49F2-9AB0-4D0F-9804-6582CF60F6F4}.Debug|Any CPU.Build.0 = Debug|Any CPU
		{348A49F2-9AB0-4D0F-9804-6582CF60F6F4}.Deploy [DEBUG]|Any CPU.ActiveCfg = Debug|Any CPU
		{348A49F2-9AB0-4D0F-9804-6582CF60F6F4}.Deploy [DEBUG]|Any CPU.Build.0 = Debug|Any CPU
		{348A49F2-9AB0-4D0F-9804-6582CF60F6F4}.Deploy [RELEASE]|Any CPU.ActiveCfg = Debug|Any CPU
		{348A49F2-9AB0-4D0F-9804-6582CF60F6F4}.Deploy [RELEASE]|Any CPU.Build.0 = Debug|Any CPU
		{348A49F2-9AB0-4D0F-9804-6582CF60F6F4}.NuGet|Any CPU.ActiveCfg = Release|Any CPU
		{348A49F2-9AB0-4D0F-9804-6582CF60F6F4}.NuGet|Any CPU.Build.0 = Release|Any CPU
		{348A49F2-9AB0-4D0F-9804-6582CF60F6F4}.Release|Any CPU.ActiveCfg = Release|Any CPU
		{348A49F2-9AB0-4D0F-9804-6582CF60F6F4}.Release|Any CPU.Build.0 = Release|Any CPU
		{7106BE6F-A03C-4FC0-B812-283B35DD6957}.Debug|Any CPU.ActiveCfg = Debug|Any CPU
		{7106BE6F-A03C-4FC0-B812-283B35DD6957}.Debug|Any CPU.Build.0 = Debug|Any CPU
		{7106BE6F-A03C-4FC0-B812-283B35DD6957}.Deploy [DEBUG]|Any CPU.ActiveCfg = Debug|Any CPU
		{7106BE6F-A03C-4FC0-B812-283B35DD6957}.Deploy [DEBUG]|Any CPU.Build.0 = Debug|Any CPU
		{7106BE6F-A03C-4FC0-B812-283B35DD6957}.Deploy [RELEASE]|Any CPU.ActiveCfg = Debug|Any CPU
		{7106BE6F-A03C-4FC0-B812-283B35DD6957}.Deploy [RELEASE]|Any CPU.Build.0 = Debug|Any CPU
		{7106BE6F-A03C-4FC0-B812-283B35DD6957}.NuGet|Any CPU.ActiveCfg = Release|Any CPU
		{7106BE6F-A03C-4FC0-B812-283B35DD6957}.NuGet|Any CPU.Build.0 = Release|Any CPU
		{7106BE6F-A03C-4FC0-B812-283B35DD6957}.Release|Any CPU.ActiveCfg = Release|Any CPU
		{7106BE6F-A03C-4FC0-B812-283B35DD6957}.Release|Any CPU.Build.0 = Release|Any CPU
		{D13E3047-98B2-47B0-A9D6-35DEDB8459ED}.Debug|Any CPU.ActiveCfg = Debug|Any CPU
		{D13E3047-98B2-47B0-A9D6-35DEDB8459ED}.Debug|Any CPU.Build.0 = Debug|Any CPU
		{D13E3047-98B2-47B0-A9D6-35DEDB8459ED}.Deploy [DEBUG]|Any CPU.ActiveCfg = Debug|Any CPU
		{D13E3047-98B2-47B0-A9D6-35DEDB8459ED}.Deploy [DEBUG]|Any CPU.Build.0 = Debug|Any CPU
		{D13E3047-98B2-47B0-A9D6-35DEDB8459ED}.Deploy [RELEASE]|Any CPU.ActiveCfg = Debug|Any CPU
		{D13E3047-98B2-47B0-A9D6-35DEDB8459ED}.Deploy [RELEASE]|Any CPU.Build.0 = Debug|Any CPU
		{D13E3047-98B2-47B0-A9D6-35DEDB8459ED}.NuGet|Any CPU.ActiveCfg = Release|Any CPU
		{D13E3047-98B2-47B0-A9D6-35DEDB8459ED}.NuGet|Any CPU.Build.0 = Release|Any CPU
		{D13E3047-98B2-47B0-A9D6-35DEDB8459ED}.Release|Any CPU.ActiveCfg = Release|Any CPU
		{D13E3047-98B2-47B0-A9D6-35DEDB8459ED}.Release|Any CPU.Build.0 = Release|Any CPU
		{4D8BC1F3-1D0A-436F-8E79-2FCB51CAD64A}.Debug|Any CPU.ActiveCfg = Debug|Any CPU
		{4D8BC1F3-1D0A-436F-8E79-2FCB51CAD64A}.Debug|Any CPU.Build.0 = Debug|Any CPU
		{4D8BC1F3-1D0A-436F-8E79-2FCB51CAD64A}.Deploy [DEBUG]|Any CPU.ActiveCfg = Debug|Any CPU
		{4D8BC1F3-1D0A-436F-8E79-2FCB51CAD64A}.Deploy [DEBUG]|Any CPU.Build.0 = Debug|Any CPU
		{4D8BC1F3-1D0A-436F-8E79-2FCB51CAD64A}.Deploy [RELEASE]|Any CPU.ActiveCfg = Debug|Any CPU
		{4D8BC1F3-1D0A-436F-8E79-2FCB51CAD64A}.Deploy [RELEASE]|Any CPU.Build.0 = Debug|Any CPU
		{4D8BC1F3-1D0A-436F-8E79-2FCB51CAD64A}.NuGet|Any CPU.ActiveCfg = Release|Any CPU
		{4D8BC1F3-1D0A-436F-8E79-2FCB51CAD64A}.NuGet|Any CPU.Build.0 = Release|Any CPU
		{4D8BC1F3-1D0A-436F-8E79-2FCB51CAD64A}.Release|Any CPU.ActiveCfg = Release|Any CPU
		{4D8BC1F3-1D0A-436F-8E79-2FCB51CAD64A}.Release|Any CPU.Build.0 = Release|Any CPU
		{C0630C47-92D3-482D-859F-86E0AB8D3E6F}.Debug|Any CPU.ActiveCfg = Debug|Any CPU
		{C0630C47-92D3-482D-859F-86E0AB8D3E6F}.Debug|Any CPU.Build.0 = Debug|Any CPU
		{C0630C47-92D3-482D-859F-86E0AB8D3E6F}.Deploy [DEBUG]|Any CPU.ActiveCfg = Debug|Any CPU
		{C0630C47-92D3-482D-859F-86E0AB8D3E6F}.Deploy [DEBUG]|Any CPU.Build.0 = Debug|Any CPU
		{C0630C47-92D3-482D-859F-86E0AB8D3E6F}.Deploy [RELEASE]|Any CPU.ActiveCfg = Debug|Any CPU
		{C0630C47-92D3-482D-859F-86E0AB8D3E6F}.Deploy [RELEASE]|Any CPU.Build.0 = Debug|Any CPU
		{C0630C47-92D3-482D-859F-86E0AB8D3E6F}.NuGet|Any CPU.ActiveCfg = Release|Any CPU
		{C0630C47-92D3-482D-859F-86E0AB8D3E6F}.NuGet|Any CPU.Build.0 = Release|Any CPU
		{C0630C47-92D3-482D-859F-86E0AB8D3E6F}.Release|Any CPU.ActiveCfg = Release|Any CPU
		{C0630C47-92D3-482D-859F-86E0AB8D3E6F}.Release|Any CPU.Build.0 = Release|Any CPU
		{12F96190-7BB7-4F01-BEF0-03591D5AE9C1}.Debug|Any CPU.ActiveCfg = Debug|Any CPU
		{12F96190-7BB7-4F01-BEF0-03591D5AE9C1}.Debug|Any CPU.Build.0 = Debug|Any CPU
		{12F96190-7BB7-4F01-BEF0-03591D5AE9C1}.Deploy [DEBUG]|Any CPU.ActiveCfg = Debug|Any CPU
		{12F96190-7BB7-4F01-BEF0-03591D5AE9C1}.Deploy [DEBUG]|Any CPU.Build.0 = Debug|Any CPU
		{12F96190-7BB7-4F01-BEF0-03591D5AE9C1}.Deploy [RELEASE]|Any CPU.ActiveCfg = Debug|Any CPU
		{12F96190-7BB7-4F01-BEF0-03591D5AE9C1}.Deploy [RELEASE]|Any CPU.Build.0 = Debug|Any CPU
		{12F96190-7BB7-4F01-BEF0-03591D5AE9C1}.NuGet|Any CPU.ActiveCfg = Release|Any CPU
		{12F96190-7BB7-4F01-BEF0-03591D5AE9C1}.NuGet|Any CPU.Build.0 = Release|Any CPU
		{12F96190-7BB7-4F01-BEF0-03591D5AE9C1}.Release|Any CPU.ActiveCfg = Release|Any CPU
		{12F96190-7BB7-4F01-BEF0-03591D5AE9C1}.Release|Any CPU.Build.0 = Release|Any CPU
		{4605E740-4E65-4BE5-A191-834804595E8F}.Debug|Any CPU.ActiveCfg = Debug|Any CPU
		{4605E740-4E65-4BE5-A191-834804595E8F}.Debug|Any CPU.Build.0 = Debug|Any CPU
		{4605E740-4E65-4BE5-A191-834804595E8F}.Deploy [DEBUG]|Any CPU.ActiveCfg = Debug|Any CPU
		{4605E740-4E65-4BE5-A191-834804595E8F}.Deploy [DEBUG]|Any CPU.Build.0 = Debug|Any CPU
		{4605E740-4E65-4BE5-A191-834804595E8F}.Deploy [RELEASE]|Any CPU.ActiveCfg = Debug|Any CPU
		{4605E740-4E65-4BE5-A191-834804595E8F}.Deploy [RELEASE]|Any CPU.Build.0 = Debug|Any CPU
		{4605E740-4E65-4BE5-A191-834804595E8F}.NuGet|Any CPU.ActiveCfg = Release|Any CPU
		{4605E740-4E65-4BE5-A191-834804595E8F}.NuGet|Any CPU.Build.0 = Release|Any CPU
		{4605E740-4E65-4BE5-A191-834804595E8F}.Release|Any CPU.ActiveCfg = Release|Any CPU
		{4605E740-4E65-4BE5-A191-834804595E8F}.Release|Any CPU.Build.0 = Release|Any CPU
		{2AE5048A-E359-4DE7-9223-F0D9CF4E97D3}.Debug|Any CPU.ActiveCfg = Debug|Any CPU
		{2AE5048A-E359-4DE7-9223-F0D9CF4E97D3}.Debug|Any CPU.Build.0 = Debug|Any CPU
		{2AE5048A-E359-4DE7-9223-F0D9CF4E97D3}.Deploy [DEBUG]|Any CPU.ActiveCfg = Debug|Any CPU
		{2AE5048A-E359-4DE7-9223-F0D9CF4E97D3}.Deploy [DEBUG]|Any CPU.Build.0 = Debug|Any CPU
		{2AE5048A-E359-4DE7-9223-F0D9CF4E97D3}.Deploy [RELEASE]|Any CPU.ActiveCfg = Debug|Any CPU
		{2AE5048A-E359-4DE7-9223-F0D9CF4E97D3}.Deploy [RELEASE]|Any CPU.Build.0 = Debug|Any CPU
		{2AE5048A-E359-4DE7-9223-F0D9CF4E97D3}.NuGet|Any CPU.ActiveCfg = Release|Any CPU
		{2AE5048A-E359-4DE7-9223-F0D9CF4E97D3}.NuGet|Any CPU.Build.0 = Release|Any CPU
		{2AE5048A-E359-4DE7-9223-F0D9CF4E97D3}.Release|Any CPU.ActiveCfg = Release|Any CPU
		{2AE5048A-E359-4DE7-9223-F0D9CF4E97D3}.Release|Any CPU.Build.0 = Release|Any CPU
		{0EAE41AD-8A59-40E1-9CE4-5627ED7D77DF}.Debug|Any CPU.ActiveCfg = Debug|Any CPU
		{0EAE41AD-8A59-40E1-9CE4-5627ED7D77DF}.Debug|Any CPU.Build.0 = Debug|Any CPU
		{0EAE41AD-8A59-40E1-9CE4-5627ED7D77DF}.Deploy [DEBUG]|Any CPU.ActiveCfg = Debug|Any CPU
		{0EAE41AD-8A59-40E1-9CE4-5627ED7D77DF}.Deploy [DEBUG]|Any CPU.Build.0 = Debug|Any CPU
		{0EAE41AD-8A59-40E1-9CE4-5627ED7D77DF}.Deploy [RELEASE]|Any CPU.ActiveCfg = Debug|Any CPU
		{0EAE41AD-8A59-40E1-9CE4-5627ED7D77DF}.Deploy [RELEASE]|Any CPU.Build.0 = Debug|Any CPU
		{0EAE41AD-8A59-40E1-9CE4-5627ED7D77DF}.NuGet|Any CPU.ActiveCfg = Release|Any CPU
		{0EAE41AD-8A59-40E1-9CE4-5627ED7D77DF}.NuGet|Any CPU.Build.0 = Release|Any CPU
		{0EAE41AD-8A59-40E1-9CE4-5627ED7D77DF}.Release|Any CPU.ActiveCfg = Release|Any CPU
		{0EAE41AD-8A59-40E1-9CE4-5627ED7D77DF}.Release|Any CPU.Build.0 = Release|Any CPU
		{B8A2F462-1A60-4028-A136-0FDC817F60CF}.Debug|Any CPU.ActiveCfg = Debug|Any CPU
		{B8A2F462-1A60-4028-A136-0FDC817F60CF}.Debug|Any CPU.Build.0 = Debug|Any CPU
		{B8A2F462-1A60-4028-A136-0FDC817F60CF}.Deploy [DEBUG]|Any CPU.ActiveCfg = Debug|Any CPU
		{B8A2F462-1A60-4028-A136-0FDC817F60CF}.Deploy [DEBUG]|Any CPU.Build.0 = Debug|Any CPU
		{B8A2F462-1A60-4028-A136-0FDC817F60CF}.Deploy [RELEASE]|Any CPU.ActiveCfg = Debug|Any CPU
		{B8A2F462-1A60-4028-A136-0FDC817F60CF}.Deploy [RELEASE]|Any CPU.Build.0 = Debug|Any CPU
		{B8A2F462-1A60-4028-A136-0FDC817F60CF}.NuGet|Any CPU.ActiveCfg = Release|Any CPU
		{B8A2F462-1A60-4028-A136-0FDC817F60CF}.NuGet|Any CPU.Build.0 = Release|Any CPU
		{B8A2F462-1A60-4028-A136-0FDC817F60CF}.Release|Any CPU.ActiveCfg = Release|Any CPU
		{B8A2F462-1A60-4028-A136-0FDC817F60CF}.Release|Any CPU.Build.0 = Release|Any CPU
		{4E959E29-14F4-425F-9002-DCFCF95DA0E4}.Debug|Any CPU.ActiveCfg = Debug|Any CPU
		{4E959E29-14F4-425F-9002-DCFCF95DA0E4}.Debug|Any CPU.Build.0 = Debug|Any CPU
		{4E959E29-14F4-425F-9002-DCFCF95DA0E4}.Deploy [DEBUG]|Any CPU.ActiveCfg = Debug|Any CPU
		{4E959E29-14F4-425F-9002-DCFCF95DA0E4}.Deploy [DEBUG]|Any CPU.Build.0 = Debug|Any CPU
		{4E959E29-14F4-425F-9002-DCFCF95DA0E4}.Deploy [RELEASE]|Any CPU.ActiveCfg = Debug|Any CPU
		{4E959E29-14F4-425F-9002-DCFCF95DA0E4}.Deploy [RELEASE]|Any CPU.Build.0 = Debug|Any CPU
		{4E959E29-14F4-425F-9002-DCFCF95DA0E4}.NuGet|Any CPU.ActiveCfg = Release|Any CPU
		{4E959E29-14F4-425F-9002-DCFCF95DA0E4}.NuGet|Any CPU.Build.0 = Release|Any CPU
		{4E959E29-14F4-425F-9002-DCFCF95DA0E4}.Release|Any CPU.ActiveCfg = Release|Any CPU
		{4E959E29-14F4-425F-9002-DCFCF95DA0E4}.Release|Any CPU.Build.0 = Release|Any CPU
		{88175EB3-3748-45DD-86DB-5C226F642C53}.Debug|Any CPU.ActiveCfg = Debug|Any CPU
		{88175EB3-3748-45DD-86DB-5C226F642C53}.Debug|Any CPU.Build.0 = Debug|Any CPU
		{88175EB3-3748-45DD-86DB-5C226F642C53}.Deploy [DEBUG]|Any CPU.ActiveCfg = Debug|Any CPU
		{88175EB3-3748-45DD-86DB-5C226F642C53}.Deploy [DEBUG]|Any CPU.Build.0 = Debug|Any CPU
		{88175EB3-3748-45DD-86DB-5C226F642C53}.Deploy [RELEASE]|Any CPU.ActiveCfg = Debug|Any CPU
		{88175EB3-3748-45DD-86DB-5C226F642C53}.Deploy [RELEASE]|Any CPU.Build.0 = Debug|Any CPU
		{88175EB3-3748-45DD-86DB-5C226F642C53}.NuGet|Any CPU.ActiveCfg = Release|Any CPU
		{88175EB3-3748-45DD-86DB-5C226F642C53}.NuGet|Any CPU.Build.0 = Release|Any CPU
		{88175EB3-3748-45DD-86DB-5C226F642C53}.Release|Any CPU.ActiveCfg = Release|Any CPU
		{88175EB3-3748-45DD-86DB-5C226F642C53}.Release|Any CPU.Build.0 = Release|Any CPU
		{B4935FCB-76E7-4AC6-9F6D-89A6E97F3CE3}.Debug|Any CPU.ActiveCfg = Debug|Any CPU
		{B4935FCB-76E7-4AC6-9F6D-89A6E97F3CE3}.Debug|Any CPU.Build.0 = Debug|Any CPU
		{B4935FCB-76E7-4AC6-9F6D-89A6E97F3CE3}.Deploy [DEBUG]|Any CPU.ActiveCfg = Debug|Any CPU
		{B4935FCB-76E7-4AC6-9F6D-89A6E97F3CE3}.Deploy [DEBUG]|Any CPU.Build.0 = Debug|Any CPU
		{B4935FCB-76E7-4AC6-9F6D-89A6E97F3CE3}.Deploy [RELEASE]|Any CPU.ActiveCfg = Debug|Any CPU
		{B4935FCB-76E7-4AC6-9F6D-89A6E97F3CE3}.Deploy [RELEASE]|Any CPU.Build.0 = Debug|Any CPU
		{B4935FCB-76E7-4AC6-9F6D-89A6E97F3CE3}.NuGet|Any CPU.ActiveCfg = Release|Any CPU
		{B4935FCB-76E7-4AC6-9F6D-89A6E97F3CE3}.NuGet|Any CPU.Build.0 = Release|Any CPU
		{B4935FCB-76E7-4AC6-9F6D-89A6E97F3CE3}.Release|Any CPU.ActiveCfg = Release|Any CPU
		{B4935FCB-76E7-4AC6-9F6D-89A6E97F3CE3}.Release|Any CPU.Build.0 = Release|Any CPU
		{9201F213-D8E3-4F69-BF05-8B6540AE99E2}.Debug|Any CPU.ActiveCfg = Debug|Any CPU
		{9201F213-D8E3-4F69-BF05-8B6540AE99E2}.Debug|Any CPU.Build.0 = Debug|Any CPU
		{9201F213-D8E3-4F69-BF05-8B6540AE99E2}.Deploy [DEBUG]|Any CPU.ActiveCfg = Debug|Any CPU
		{9201F213-D8E3-4F69-BF05-8B6540AE99E2}.Deploy [DEBUG]|Any CPU.Build.0 = Debug|Any CPU
		{9201F213-D8E3-4F69-BF05-8B6540AE99E2}.Deploy [RELEASE]|Any CPU.ActiveCfg = Debug|Any CPU
		{9201F213-D8E3-4F69-BF05-8B6540AE99E2}.Deploy [RELEASE]|Any CPU.Build.0 = Debug|Any CPU
		{9201F213-D8E3-4F69-BF05-8B6540AE99E2}.NuGet|Any CPU.ActiveCfg = Release|Any CPU
		{9201F213-D8E3-4F69-BF05-8B6540AE99E2}.NuGet|Any CPU.Build.0 = Release|Any CPU
		{9201F213-D8E3-4F69-BF05-8B6540AE99E2}.Release|Any CPU.ActiveCfg = Release|Any CPU
		{9201F213-D8E3-4F69-BF05-8B6540AE99E2}.Release|Any CPU.Build.0 = Release|Any CPU
		{8471A7BF-EF6E-4FF4-918C-754E9E37EB63}.Debug|Any CPU.ActiveCfg = Debug|Any CPU
		{8471A7BF-EF6E-4FF4-918C-754E9E37EB63}.Debug|Any CPU.Build.0 = Debug|Any CPU
		{8471A7BF-EF6E-4FF4-918C-754E9E37EB63}.Deploy [DEBUG]|Any CPU.ActiveCfg = Debug|Any CPU
		{8471A7BF-EF6E-4FF4-918C-754E9E37EB63}.Deploy [DEBUG]|Any CPU.Build.0 = Debug|Any CPU
		{8471A7BF-EF6E-4FF4-918C-754E9E37EB63}.Deploy [RELEASE]|Any CPU.ActiveCfg = Debug|Any CPU
		{8471A7BF-EF6E-4FF4-918C-754E9E37EB63}.Deploy [RELEASE]|Any CPU.Build.0 = Debug|Any CPU
		{8471A7BF-EF6E-4FF4-918C-754E9E37EB63}.NuGet|Any CPU.ActiveCfg = Release|Any CPU
		{8471A7BF-EF6E-4FF4-918C-754E9E37EB63}.NuGet|Any CPU.Build.0 = Release|Any CPU
		{8471A7BF-EF6E-4FF4-918C-754E9E37EB63}.Release|Any CPU.ActiveCfg = Release|Any CPU
		{8471A7BF-EF6E-4FF4-918C-754E9E37EB63}.Release|Any CPU.Build.0 = Release|Any CPU
		{89BB6AD5-6B06-415C-B460-965DC5E39B8B}.Debug|Any CPU.ActiveCfg = Debug|Any CPU
		{89BB6AD5-6B06-415C-B460-965DC5E39B8B}.Debug|Any CPU.Build.0 = Debug|Any CPU
		{89BB6AD5-6B06-415C-B460-965DC5E39B8B}.Deploy [DEBUG]|Any CPU.ActiveCfg = Debug|Any CPU
		{89BB6AD5-6B06-415C-B460-965DC5E39B8B}.Deploy [DEBUG]|Any CPU.Build.0 = Debug|Any CPU
		{89BB6AD5-6B06-415C-B460-965DC5E39B8B}.Deploy [RELEASE]|Any CPU.ActiveCfg = Debug|Any CPU
		{89BB6AD5-6B06-415C-B460-965DC5E39B8B}.Deploy [RELEASE]|Any CPU.Build.0 = Debug|Any CPU
		{89BB6AD5-6B06-415C-B460-965DC5E39B8B}.NuGet|Any CPU.ActiveCfg = Release|Any CPU
		{89BB6AD5-6B06-415C-B460-965DC5E39B8B}.NuGet|Any CPU.Build.0 = Release|Any CPU
		{89BB6AD5-6B06-415C-B460-965DC5E39B8B}.Release|Any CPU.ActiveCfg = Release|Any CPU
		{89BB6AD5-6B06-415C-B460-965DC5E39B8B}.Release|Any CPU.Build.0 = Release|Any CPU
		{B7701D2A-54F2-430A-88C3-8EF5E4843732}.Debug|Any CPU.ActiveCfg = Debug|Any CPU
		{B7701D2A-54F2-430A-88C3-8EF5E4843732}.Debug|Any CPU.Build.0 = Debug|Any CPU
		{B7701D2A-54F2-430A-88C3-8EF5E4843732}.Deploy [DEBUG]|Any CPU.ActiveCfg = Debug|Any CPU
		{B7701D2A-54F2-430A-88C3-8EF5E4843732}.Deploy [DEBUG]|Any CPU.Build.0 = Debug|Any CPU
		{B7701D2A-54F2-430A-88C3-8EF5E4843732}.Deploy [RELEASE]|Any CPU.ActiveCfg = Debug|Any CPU
		{B7701D2A-54F2-430A-88C3-8EF5E4843732}.Deploy [RELEASE]|Any CPU.Build.0 = Debug|Any CPU
		{B7701D2A-54F2-430A-88C3-8EF5E4843732}.NuGet|Any CPU.ActiveCfg = Release|Any CPU
		{B7701D2A-54F2-430A-88C3-8EF5E4843732}.NuGet|Any CPU.Build.0 = Release|Any CPU
		{B7701D2A-54F2-430A-88C3-8EF5E4843732}.Release|Any CPU.ActiveCfg = Release|Any CPU
		{B7701D2A-54F2-430A-88C3-8EF5E4843732}.Release|Any CPU.Build.0 = Release|Any CPU
		{5D3C5A1A-F582-4C50-9036-E466D3F79446}.Debug|Any CPU.ActiveCfg = Debug|Any CPU
		{5D3C5A1A-F582-4C50-9036-E466D3F79446}.Debug|Any CPU.Build.0 = Debug|Any CPU
		{5D3C5A1A-F582-4C50-9036-E466D3F79446}.Deploy [DEBUG]|Any CPU.ActiveCfg = Debug|Any CPU
		{5D3C5A1A-F582-4C50-9036-E466D3F79446}.Deploy [DEBUG]|Any CPU.Build.0 = Debug|Any CPU
		{5D3C5A1A-F582-4C50-9036-E466D3F79446}.Deploy [RELEASE]|Any CPU.ActiveCfg = Debug|Any CPU
		{5D3C5A1A-F582-4C50-9036-E466D3F79446}.Deploy [RELEASE]|Any CPU.Build.0 = Debug|Any CPU
		{5D3C5A1A-F582-4C50-9036-E466D3F79446}.NuGet|Any CPU.ActiveCfg = Release|Any CPU
		{5D3C5A1A-F582-4C50-9036-E466D3F79446}.NuGet|Any CPU.Build.0 = Release|Any CPU
		{5D3C5A1A-F582-4C50-9036-E466D3F79446}.Release|Any CPU.ActiveCfg = Release|Any CPU
		{5D3C5A1A-F582-4C50-9036-E466D3F79446}.Release|Any CPU.Build.0 = Release|Any CPU
		{EEFD71D7-DF7A-46B2-B31A-E66CDD14AB5E}.Debug|Any CPU.ActiveCfg = Debug|Any CPU
		{EEFD71D7-DF7A-46B2-B31A-E66CDD14AB5E}.Debug|Any CPU.Build.0 = Debug|Any CPU
		{EEFD71D7-DF7A-46B2-B31A-E66CDD14AB5E}.Deploy [DEBUG]|Any CPU.ActiveCfg = Debug|Any CPU
		{EEFD71D7-DF7A-46B2-B31A-E66CDD14AB5E}.Deploy [DEBUG]|Any CPU.Build.0 = Debug|Any CPU
		{EEFD71D7-DF7A-46B2-B31A-E66CDD14AB5E}.Deploy [RELEASE]|Any CPU.ActiveCfg = Debug|Any CPU
		{EEFD71D7-DF7A-46B2-B31A-E66CDD14AB5E}.Deploy [RELEASE]|Any CPU.Build.0 = Debug|Any CPU
		{EEFD71D7-DF7A-46B2-B31A-E66CDD14AB5E}.NuGet|Any CPU.ActiveCfg = Release|Any CPU
		{EEFD71D7-DF7A-46B2-B31A-E66CDD14AB5E}.NuGet|Any CPU.Build.0 = Release|Any CPU
		{EEFD71D7-DF7A-46B2-B31A-E66CDD14AB5E}.Release|Any CPU.ActiveCfg = Release|Any CPU
		{EEFD71D7-DF7A-46B2-B31A-E66CDD14AB5E}.Release|Any CPU.Build.0 = Release|Any CPU
		{A14645C3-44DA-491D-B290-5B9B3497BD9E}.Debug|Any CPU.ActiveCfg = Debug|Any CPU
		{A14645C3-44DA-491D-B290-5B9B3497BD9E}.Debug|Any CPU.Build.0 = Debug|Any CPU
		{A14645C3-44DA-491D-B290-5B9B3497BD9E}.Deploy [DEBUG]|Any CPU.ActiveCfg = Debug|Any CPU
		{A14645C3-44DA-491D-B290-5B9B3497BD9E}.Deploy [DEBUG]|Any CPU.Build.0 = Debug|Any CPU
		{A14645C3-44DA-491D-B290-5B9B3497BD9E}.Deploy [RELEASE]|Any CPU.ActiveCfg = Debug|Any CPU
		{A14645C3-44DA-491D-B290-5B9B3497BD9E}.Deploy [RELEASE]|Any CPU.Build.0 = Debug|Any CPU
		{A14645C3-44DA-491D-B290-5B9B3497BD9E}.NuGet|Any CPU.ActiveCfg = Release|Any CPU
		{A14645C3-44DA-491D-B290-5B9B3497BD9E}.NuGet|Any CPU.Build.0 = Release|Any CPU
		{A14645C3-44DA-491D-B290-5B9B3497BD9E}.Release|Any CPU.ActiveCfg = Release|Any CPU
		{A14645C3-44DA-491D-B290-5B9B3497BD9E}.Release|Any CPU.Build.0 = Release|Any CPU
		{3DE7D102-2D04-410D-9110-9D805E649979}.Debug|Any CPU.ActiveCfg = Debug|Any CPU
		{3DE7D102-2D04-410D-9110-9D805E649979}.Debug|Any CPU.Build.0 = Debug|Any CPU
		{3DE7D102-2D04-410D-9110-9D805E649979}.Deploy [DEBUG]|Any CPU.ActiveCfg = Debug|Any CPU
		{3DE7D102-2D04-410D-9110-9D805E649979}.Deploy [DEBUG]|Any CPU.Build.0 = Debug|Any CPU
		{3DE7D102-2D04-410D-9110-9D805E649979}.Deploy [RELEASE]|Any CPU.ActiveCfg = Debug|Any CPU
		{3DE7D102-2D04-410D-9110-9D805E649979}.Deploy [RELEASE]|Any CPU.Build.0 = Debug|Any CPU
		{3DE7D102-2D04-410D-9110-9D805E649979}.NuGet|Any CPU.ActiveCfg = Release|Any CPU
		{3DE7D102-2D04-410D-9110-9D805E649979}.NuGet|Any CPU.Build.0 = Release|Any CPU
		{3DE7D102-2D04-410D-9110-9D805E649979}.Release|Any CPU.ActiveCfg = Release|Any CPU
		{3DE7D102-2D04-410D-9110-9D805E649979}.Release|Any CPU.Build.0 = Release|Any CPU
		{4EF44137-5CF7-4DAE-A5CA-C3ECD9F20937}.Debug|Any CPU.ActiveCfg = Debug|Any CPU
		{4EF44137-5CF7-4DAE-A5CA-C3ECD9F20937}.Debug|Any CPU.Build.0 = Debug|Any CPU
		{4EF44137-5CF7-4DAE-A5CA-C3ECD9F20937}.Deploy [DEBUG]|Any CPU.ActiveCfg = Debug|Any CPU
		{4EF44137-5CF7-4DAE-A5CA-C3ECD9F20937}.Deploy [DEBUG]|Any CPU.Build.0 = Debug|Any CPU
		{4EF44137-5CF7-4DAE-A5CA-C3ECD9F20937}.Deploy [RELEASE]|Any CPU.ActiveCfg = Debug|Any CPU
		{4EF44137-5CF7-4DAE-A5CA-C3ECD9F20937}.Deploy [RELEASE]|Any CPU.Build.0 = Debug|Any CPU
		{4EF44137-5CF7-4DAE-A5CA-C3ECD9F20937}.NuGet|Any CPU.ActiveCfg = Release|Any CPU
		{4EF44137-5CF7-4DAE-A5CA-C3ECD9F20937}.NuGet|Any CPU.Build.0 = Release|Any CPU
		{4EF44137-5CF7-4DAE-A5CA-C3ECD9F20937}.Release|Any CPU.ActiveCfg = Release|Any CPU
		{4EF44137-5CF7-4DAE-A5CA-C3ECD9F20937}.Release|Any CPU.Build.0 = Release|Any CPU
		{DF072C9D-45F4-4EE7-A243-A155E6A79A7B}.Debug|Any CPU.ActiveCfg = Debug|Any CPU
		{DF072C9D-45F4-4EE7-A243-A155E6A79A7B}.Debug|Any CPU.Build.0 = Debug|Any CPU
		{DF072C9D-45F4-4EE7-A243-A155E6A79A7B}.Deploy [DEBUG]|Any CPU.ActiveCfg = Debug|Any CPU
		{DF072C9D-45F4-4EE7-A243-A155E6A79A7B}.Deploy [DEBUG]|Any CPU.Build.0 = Debug|Any CPU
		{DF072C9D-45F4-4EE7-A243-A155E6A79A7B}.Deploy [RELEASE]|Any CPU.ActiveCfg = Debug|Any CPU
		{DF072C9D-45F4-4EE7-A243-A155E6A79A7B}.Deploy [RELEASE]|Any CPU.Build.0 = Debug|Any CPU
		{DF072C9D-45F4-4EE7-A243-A155E6A79A7B}.NuGet|Any CPU.ActiveCfg = Release|Any CPU
		{DF072C9D-45F4-4EE7-A243-A155E6A79A7B}.NuGet|Any CPU.Build.0 = Release|Any CPU
		{DF072C9D-45F4-4EE7-A243-A155E6A79A7B}.Release|Any CPU.ActiveCfg = Release|Any CPU
		{DF072C9D-45F4-4EE7-A243-A155E6A79A7B}.Release|Any CPU.Build.0 = Release|Any CPU
		{6C07C50F-A704-4EB1-B6BD-3B629F7F5729}.Debug|Any CPU.ActiveCfg = Debug|Any CPU
		{6C07C50F-A704-4EB1-B6BD-3B629F7F5729}.Debug|Any CPU.Build.0 = Debug|Any CPU
		{6C07C50F-A704-4EB1-B6BD-3B629F7F5729}.Deploy [DEBUG]|Any CPU.ActiveCfg = Debug|Any CPU
		{6C07C50F-A704-4EB1-B6BD-3B629F7F5729}.Deploy [DEBUG]|Any CPU.Build.0 = Debug|Any CPU
		{6C07C50F-A704-4EB1-B6BD-3B629F7F5729}.Deploy [RELEASE]|Any CPU.ActiveCfg = Debug|Any CPU
		{6C07C50F-A704-4EB1-B6BD-3B629F7F5729}.Deploy [RELEASE]|Any CPU.Build.0 = Debug|Any CPU
		{6C07C50F-A704-4EB1-B6BD-3B629F7F5729}.NuGet|Any CPU.ActiveCfg = Release|Any CPU
		{6C07C50F-A704-4EB1-B6BD-3B629F7F5729}.NuGet|Any CPU.Build.0 = Release|Any CPU
		{6C07C50F-A704-4EB1-B6BD-3B629F7F5729}.Release|Any CPU.ActiveCfg = Release|Any CPU
		{6C07C50F-A704-4EB1-B6BD-3B629F7F5729}.Release|Any CPU.Build.0 = Release|Any CPU
		{0E537A63-C299-4C42-B3BC-4E98A73377D9}.Debug|Any CPU.ActiveCfg = Debug|Any CPU
		{0E537A63-C299-4C42-B3BC-4E98A73377D9}.Debug|Any CPU.Build.0 = Debug|Any CPU
		{0E537A63-C299-4C42-B3BC-4E98A73377D9}.Deploy [DEBUG]|Any CPU.ActiveCfg = Debug|Any CPU
		{0E537A63-C299-4C42-B3BC-4E98A73377D9}.Deploy [DEBUG]|Any CPU.Build.0 = Debug|Any CPU
		{0E537A63-C299-4C42-B3BC-4E98A73377D9}.Deploy [RELEASE]|Any CPU.ActiveCfg = Debug|Any CPU
		{0E537A63-C299-4C42-B3BC-4E98A73377D9}.Deploy [RELEASE]|Any CPU.Build.0 = Debug|Any CPU
		{0E537A63-C299-4C42-B3BC-4E98A73377D9}.NuGet|Any CPU.ActiveCfg = Release|Any CPU
		{0E537A63-C299-4C42-B3BC-4E98A73377D9}.NuGet|Any CPU.Build.0 = Release|Any CPU
		{0E537A63-C299-4C42-B3BC-4E98A73377D9}.Release|Any CPU.ActiveCfg = Release|Any CPU
		{0E537A63-C299-4C42-B3BC-4E98A73377D9}.Release|Any CPU.Build.0 = Release|Any CPU
		{874C8DB8-7F8F-4A0F-A1CC-352077441634}.Debug|Any CPU.ActiveCfg = Debug|Any CPU
		{874C8DB8-7F8F-4A0F-A1CC-352077441634}.Debug|Any CPU.Build.0 = Debug|Any CPU
		{874C8DB8-7F8F-4A0F-A1CC-352077441634}.Deploy [DEBUG]|Any CPU.ActiveCfg = Debug|Any CPU
		{874C8DB8-7F8F-4A0F-A1CC-352077441634}.Deploy [DEBUG]|Any CPU.Build.0 = Debug|Any CPU
		{874C8DB8-7F8F-4A0F-A1CC-352077441634}.Deploy [RELEASE]|Any CPU.ActiveCfg = Debug|Any CPU
		{874C8DB8-7F8F-4A0F-A1CC-352077441634}.Deploy [RELEASE]|Any CPU.Build.0 = Debug|Any CPU
		{874C8DB8-7F8F-4A0F-A1CC-352077441634}.NuGet|Any CPU.ActiveCfg = Release|Any CPU
		{874C8DB8-7F8F-4A0F-A1CC-352077441634}.NuGet|Any CPU.Build.0 = Release|Any CPU
		{874C8DB8-7F8F-4A0F-A1CC-352077441634}.Release|Any CPU.ActiveCfg = Release|Any CPU
		{874C8DB8-7F8F-4A0F-A1CC-352077441634}.Release|Any CPU.Build.0 = Release|Any CPU
		{13B3C667-C1D6-4736-BEE7-70F608538914}.Debug|Any CPU.ActiveCfg = Debug|Any CPU
		{13B3C667-C1D6-4736-BEE7-70F608538914}.Debug|Any CPU.Build.0 = Debug|Any CPU
		{13B3C667-C1D6-4736-BEE7-70F608538914}.Deploy [DEBUG]|Any CPU.ActiveCfg = Debug|Any CPU
		{13B3C667-C1D6-4736-BEE7-70F608538914}.Deploy [DEBUG]|Any CPU.Build.0 = Debug|Any CPU
		{13B3C667-C1D6-4736-BEE7-70F608538914}.Deploy [RELEASE]|Any CPU.ActiveCfg = Debug|Any CPU
		{13B3C667-C1D6-4736-BEE7-70F608538914}.Deploy [RELEASE]|Any CPU.Build.0 = Debug|Any CPU
		{13B3C667-C1D6-4736-BEE7-70F608538914}.NuGet|Any CPU.ActiveCfg = Release|Any CPU
		{13B3C667-C1D6-4736-BEE7-70F608538914}.NuGet|Any CPU.Build.0 = Release|Any CPU
		{13B3C667-C1D6-4736-BEE7-70F608538914}.Release|Any CPU.ActiveCfg = Release|Any CPU
		{13B3C667-C1D6-4736-BEE7-70F608538914}.Release|Any CPU.Build.0 = Release|Any CPU
		{1CA157BE-CD57-43BC-9AFC-AB4CE0EAC87C}.Debug|Any CPU.ActiveCfg = Debug|Any CPU
		{1CA157BE-CD57-43BC-9AFC-AB4CE0EAC87C}.Debug|Any CPU.Build.0 = Debug|Any CPU
		{1CA157BE-CD57-43BC-9AFC-AB4CE0EAC87C}.Deploy [DEBUG]|Any CPU.ActiveCfg = Debug|Any CPU
		{1CA157BE-CD57-43BC-9AFC-AB4CE0EAC87C}.Deploy [DEBUG]|Any CPU.Build.0 = Debug|Any CPU
		{1CA157BE-CD57-43BC-9AFC-AB4CE0EAC87C}.Deploy [RELEASE]|Any CPU.ActiveCfg = Debug|Any CPU
		{1CA157BE-CD57-43BC-9AFC-AB4CE0EAC87C}.Deploy [RELEASE]|Any CPU.Build.0 = Debug|Any CPU
		{1CA157BE-CD57-43BC-9AFC-AB4CE0EAC87C}.NuGet|Any CPU.ActiveCfg = Release|Any CPU
		{1CA157BE-CD57-43BC-9AFC-AB4CE0EAC87C}.NuGet|Any CPU.Build.0 = Release|Any CPU
		{1CA157BE-CD57-43BC-9AFC-AB4CE0EAC87C}.Release|Any CPU.ActiveCfg = Release|Any CPU
		{1CA157BE-CD57-43BC-9AFC-AB4CE0EAC87C}.Release|Any CPU.Build.0 = Release|Any CPU
		{5E629E67-AE42-49D3-8A92-A89F756457B4}.Debug|Any CPU.ActiveCfg = Debug|Any CPU
		{5E629E67-AE42-49D3-8A92-A89F756457B4}.Debug|Any CPU.Build.0 = Debug|Any CPU
		{5E629E67-AE42-49D3-8A92-A89F756457B4}.Deploy [DEBUG]|Any CPU.ActiveCfg = Debug|Any CPU
		{5E629E67-AE42-49D3-8A92-A89F756457B4}.Deploy [DEBUG]|Any CPU.Build.0 = Debug|Any CPU
		{5E629E67-AE42-49D3-8A92-A89F756457B4}.Deploy [RELEASE]|Any CPU.ActiveCfg = Debug|Any CPU
		{5E629E67-AE42-49D3-8A92-A89F756457B4}.Deploy [RELEASE]|Any CPU.Build.0 = Debug|Any CPU
		{5E629E67-AE42-49D3-8A92-A89F756457B4}.NuGet|Any CPU.ActiveCfg = Release|Any CPU
		{5E629E67-AE42-49D3-8A92-A89F756457B4}.NuGet|Any CPU.Build.0 = Release|Any CPU
		{5E629E67-AE42-49D3-8A92-A89F756457B4}.Release|Any CPU.ActiveCfg = Release|Any CPU
		{5E629E67-AE42-49D3-8A92-A89F756457B4}.Release|Any CPU.Build.0 = Release|Any CPU
		{0792E995-DD6C-4CFD-9B2F-C4B6F4665E1E}.Debug|Any CPU.ActiveCfg = Debug|Any CPU
		{0792E995-DD6C-4CFD-9B2F-C4B6F4665E1E}.Debug|Any CPU.Build.0 = Debug|Any CPU
		{0792E995-DD6C-4CFD-9B2F-C4B6F4665E1E}.Deploy [DEBUG]|Any CPU.ActiveCfg = Debug|Any CPU
		{0792E995-DD6C-4CFD-9B2F-C4B6F4665E1E}.Deploy [DEBUG]|Any CPU.Build.0 = Debug|Any CPU
		{0792E995-DD6C-4CFD-9B2F-C4B6F4665E1E}.Deploy [RELEASE]|Any CPU.ActiveCfg = Debug|Any CPU
		{0792E995-DD6C-4CFD-9B2F-C4B6F4665E1E}.Deploy [RELEASE]|Any CPU.Build.0 = Debug|Any CPU
		{0792E995-DD6C-4CFD-9B2F-C4B6F4665E1E}.NuGet|Any CPU.ActiveCfg = Release|Any CPU
		{0792E995-DD6C-4CFD-9B2F-C4B6F4665E1E}.NuGet|Any CPU.Build.0 = Release|Any CPU
		{0792E995-DD6C-4CFD-9B2F-C4B6F4665E1E}.Release|Any CPU.ActiveCfg = Release|Any CPU
		{0792E995-DD6C-4CFD-9B2F-C4B6F4665E1E}.Release|Any CPU.Build.0 = Release|Any CPU
		{1C5594D7-63C5-4D6F-A64A-5DBD40EC97C5}.Debug|Any CPU.ActiveCfg = Debug|Any CPU
		{1C5594D7-63C5-4D6F-A64A-5DBD40EC97C5}.Debug|Any CPU.Build.0 = Debug|Any CPU
		{1C5594D7-63C5-4D6F-A64A-5DBD40EC97C5}.Deploy [DEBUG]|Any CPU.ActiveCfg = Debug|Any CPU
		{1C5594D7-63C5-4D6F-A64A-5DBD40EC97C5}.Deploy [DEBUG]|Any CPU.Build.0 = Debug|Any CPU
		{1C5594D7-63C5-4D6F-A64A-5DBD40EC97C5}.Deploy [RELEASE]|Any CPU.ActiveCfg = Debug|Any CPU
		{1C5594D7-63C5-4D6F-A64A-5DBD40EC97C5}.Deploy [RELEASE]|Any CPU.Build.0 = Debug|Any CPU
		{1C5594D7-63C5-4D6F-A64A-5DBD40EC97C5}.NuGet|Any CPU.ActiveCfg = Release|Any CPU
		{1C5594D7-63C5-4D6F-A64A-5DBD40EC97C5}.NuGet|Any CPU.Build.0 = Release|Any CPU
		{1C5594D7-63C5-4D6F-A64A-5DBD40EC97C5}.Release|Any CPU.ActiveCfg = Release|Any CPU
		{1C5594D7-63C5-4D6F-A64A-5DBD40EC97C5}.Release|Any CPU.Build.0 = Release|Any CPU
		{3721C17F-325D-454C-B158-081591F96BC9}.Debug|Any CPU.ActiveCfg = Debug|Any CPU
		{3721C17F-325D-454C-B158-081591F96BC9}.Debug|Any CPU.Build.0 = Debug|Any CPU
		{3721C17F-325D-454C-B158-081591F96BC9}.Deploy [DEBUG]|Any CPU.ActiveCfg = Debug|Any CPU
		{3721C17F-325D-454C-B158-081591F96BC9}.Deploy [DEBUG]|Any CPU.Build.0 = Debug|Any CPU
		{3721C17F-325D-454C-B158-081591F96BC9}.Deploy [RELEASE]|Any CPU.ActiveCfg = Debug|Any CPU
		{3721C17F-325D-454C-B158-081591F96BC9}.Deploy [RELEASE]|Any CPU.Build.0 = Debug|Any CPU
		{3721C17F-325D-454C-B158-081591F96BC9}.NuGet|Any CPU.ActiveCfg = Release|Any CPU
		{3721C17F-325D-454C-B158-081591F96BC9}.NuGet|Any CPU.Build.0 = Release|Any CPU
		{3721C17F-325D-454C-B158-081591F96BC9}.Release|Any CPU.ActiveCfg = Release|Any CPU
		{3721C17F-325D-454C-B158-081591F96BC9}.Release|Any CPU.Build.0 = Release|Any CPU
		{5278DA0E-E85A-41C4-A359-17A420B75DBB}.Debug|Any CPU.ActiveCfg = Debug|Any CPU
		{5278DA0E-E85A-41C4-A359-17A420B75DBB}.Debug|Any CPU.Build.0 = Debug|Any CPU
		{5278DA0E-E85A-41C4-A359-17A420B75DBB}.Deploy [DEBUG]|Any CPU.ActiveCfg = Debug|Any CPU
		{5278DA0E-E85A-41C4-A359-17A420B75DBB}.Deploy [DEBUG]|Any CPU.Build.0 = Debug|Any CPU
		{5278DA0E-E85A-41C4-A359-17A420B75DBB}.Deploy [RELEASE]|Any CPU.ActiveCfg = Debug|Any CPU
		{5278DA0E-E85A-41C4-A359-17A420B75DBB}.Deploy [RELEASE]|Any CPU.Build.0 = Debug|Any CPU
		{5278DA0E-E85A-41C4-A359-17A420B75DBB}.NuGet|Any CPU.ActiveCfg = Release|Any CPU
		{5278DA0E-E85A-41C4-A359-17A420B75DBB}.NuGet|Any CPU.Build.0 = Release|Any CPU
		{5278DA0E-E85A-41C4-A359-17A420B75DBB}.Release|Any CPU.ActiveCfg = Release|Any CPU
		{5278DA0E-E85A-41C4-A359-17A420B75DBB}.Release|Any CPU.Build.0 = Release|Any CPU
		{AB6AB9F2-E765-4CB6-AEDE-A5CB3BCC8794}.Debug|Any CPU.ActiveCfg = Debug|Any CPU
		{AB6AB9F2-E765-4CB6-AEDE-A5CB3BCC8794}.Debug|Any CPU.Build.0 = Debug|Any CPU
		{AB6AB9F2-E765-4CB6-AEDE-A5CB3BCC8794}.Deploy [DEBUG]|Any CPU.ActiveCfg = Debug|Any CPU
		{AB6AB9F2-E765-4CB6-AEDE-A5CB3BCC8794}.Deploy [DEBUG]|Any CPU.Build.0 = Debug|Any CPU
		{AB6AB9F2-E765-4CB6-AEDE-A5CB3BCC8794}.Deploy [RELEASE]|Any CPU.ActiveCfg = Debug|Any CPU
		{AB6AB9F2-E765-4CB6-AEDE-A5CB3BCC8794}.Deploy [RELEASE]|Any CPU.Build.0 = Debug|Any CPU
		{AB6AB9F2-E765-4CB6-AEDE-A5CB3BCC8794}.NuGet|Any CPU.ActiveCfg = Release|Any CPU
		{AB6AB9F2-E765-4CB6-AEDE-A5CB3BCC8794}.NuGet|Any CPU.Build.0 = Release|Any CPU
		{AB6AB9F2-E765-4CB6-AEDE-A5CB3BCC8794}.Release|Any CPU.ActiveCfg = Release|Any CPU
		{AB6AB9F2-E765-4CB6-AEDE-A5CB3BCC8794}.Release|Any CPU.Build.0 = Release|Any CPU
		{4370EB83-F28C-4A8A-BA09-AA78DDC67E65}.Debug|Any CPU.ActiveCfg = Debug|Any CPU
		{4370EB83-F28C-4A8A-BA09-AA78DDC67E65}.Debug|Any CPU.Build.0 = Debug|Any CPU
		{4370EB83-F28C-4A8A-BA09-AA78DDC67E65}.Deploy [DEBUG]|Any CPU.ActiveCfg = Debug|Any CPU
		{4370EB83-F28C-4A8A-BA09-AA78DDC67E65}.Deploy [DEBUG]|Any CPU.Build.0 = Debug|Any CPU
		{4370EB83-F28C-4A8A-BA09-AA78DDC67E65}.Deploy [RELEASE]|Any CPU.ActiveCfg = Debug|Any CPU
		{4370EB83-F28C-4A8A-BA09-AA78DDC67E65}.Deploy [RELEASE]|Any CPU.Build.0 = Debug|Any CPU
		{4370EB83-F28C-4A8A-BA09-AA78DDC67E65}.NuGet|Any CPU.ActiveCfg = Release|Any CPU
		{4370EB83-F28C-4A8A-BA09-AA78DDC67E65}.NuGet|Any CPU.Build.0 = Release|Any CPU
		{4370EB83-F28C-4A8A-BA09-AA78DDC67E65}.Release|Any CPU.ActiveCfg = Release|Any CPU
		{4370EB83-F28C-4A8A-BA09-AA78DDC67E65}.Release|Any CPU.Build.0 = Release|Any CPU
		{63FFC8AF-BB9E-4425-BE01-51CF344A33AC}.Debug|Any CPU.ActiveCfg = Debug|Any CPU
		{63FFC8AF-BB9E-4425-BE01-51CF344A33AC}.Debug|Any CPU.Build.0 = Debug|Any CPU
		{63FFC8AF-BB9E-4425-BE01-51CF344A33AC}.Deploy [DEBUG]|Any CPU.ActiveCfg = Deploy [DEBUG]|Any CPU
		{63FFC8AF-BB9E-4425-BE01-51CF344A33AC}.Deploy [DEBUG]|Any CPU.Build.0 = Deploy [DEBUG]|Any CPU
		{63FFC8AF-BB9E-4425-BE01-51CF344A33AC}.Deploy [RELEASE]|Any CPU.ActiveCfg = Deploy [RELEASE]|Any CPU
		{63FFC8AF-BB9E-4425-BE01-51CF344A33AC}.Deploy [RELEASE]|Any CPU.Build.0 = Deploy [RELEASE]|Any CPU
		{63FFC8AF-BB9E-4425-BE01-51CF344A33AC}.NuGet|Any CPU.ActiveCfg = Deploy [RELEASE]|Any CPU
		{63FFC8AF-BB9E-4425-BE01-51CF344A33AC}.NuGet|Any CPU.Build.0 = Deploy [RELEASE]|Any CPU
		{63FFC8AF-BB9E-4425-BE01-51CF344A33AC}.Release|Any CPU.ActiveCfg = Release|Any CPU
		{63FFC8AF-BB9E-4425-BE01-51CF344A33AC}.Release|Any CPU.Build.0 = Release|Any CPU
		{165F0958-006A-4791-8B3F-E23FD56C7087}.Debug|Any CPU.ActiveCfg = Debug|Any CPU
		{165F0958-006A-4791-8B3F-E23FD56C7087}.Debug|Any CPU.Build.0 = Debug|Any CPU
		{165F0958-006A-4791-8B3F-E23FD56C7087}.Deploy [DEBUG]|Any CPU.ActiveCfg = Deploy [DEBUG]|Any CPU
		{165F0958-006A-4791-8B3F-E23FD56C7087}.Deploy [DEBUG]|Any CPU.Build.0 = Deploy [DEBUG]|Any CPU
		{165F0958-006A-4791-8B3F-E23FD56C7087}.Deploy [RELEASE]|Any CPU.ActiveCfg = Deploy [RELEASE]|Any CPU
		{165F0958-006A-4791-8B3F-E23FD56C7087}.Deploy [RELEASE]|Any CPU.Build.0 = Deploy [RELEASE]|Any CPU
		{165F0958-006A-4791-8B3F-E23FD56C7087}.NuGet|Any CPU.ActiveCfg = Deploy [RELEASE]|Any CPU
		{165F0958-006A-4791-8B3F-E23FD56C7087}.NuGet|Any CPU.Build.0 = Deploy [RELEASE]|Any CPU
		{165F0958-006A-4791-8B3F-E23FD56C7087}.Release|Any CPU.ActiveCfg = Release|Any CPU
		{165F0958-006A-4791-8B3F-E23FD56C7087}.Release|Any CPU.Build.0 = Release|Any CPU
		{E1D5FEB8-5011-4E76-9568-E9B22735C0B4}.Debug|Any CPU.ActiveCfg = Debug|Any CPU
		{E1D5FEB8-5011-4E76-9568-E9B22735C0B4}.Debug|Any CPU.Build.0 = Debug|Any CPU
		{E1D5FEB8-5011-4E76-9568-E9B22735C0B4}.Deploy [DEBUG]|Any CPU.ActiveCfg = Deploy [DEBUG]|Any CPU
		{E1D5FEB8-5011-4E76-9568-E9B22735C0B4}.Deploy [DEBUG]|Any CPU.Build.0 = Deploy [DEBUG]|Any CPU
		{E1D5FEB8-5011-4E76-9568-E9B22735C0B4}.Deploy [RELEASE]|Any CPU.ActiveCfg = Deploy [RELEASE]|Any CPU
		{E1D5FEB8-5011-4E76-9568-E9B22735C0B4}.Deploy [RELEASE]|Any CPU.Build.0 = Deploy [RELEASE]|Any CPU
		{E1D5FEB8-5011-4E76-9568-E9B22735C0B4}.NuGet|Any CPU.ActiveCfg = Deploy [RELEASE]|Any CPU
		{E1D5FEB8-5011-4E76-9568-E9B22735C0B4}.NuGet|Any CPU.Build.0 = Deploy [RELEASE]|Any CPU
		{E1D5FEB8-5011-4E76-9568-E9B22735C0B4}.Release|Any CPU.ActiveCfg = Release|Any CPU
		{E1D5FEB8-5011-4E76-9568-E9B22735C0B4}.Release|Any CPU.Build.0 = Release|Any CPU
		{8DEE43B5-4063-4F9D-974A-C368C8294178}.Debug|Any CPU.ActiveCfg = Debug|Any CPU
		{8DEE43B5-4063-4F9D-974A-C368C8294178}.Debug|Any CPU.Build.0 = Debug|Any CPU
		{8DEE43B5-4063-4F9D-974A-C368C8294178}.Deploy [DEBUG]|Any CPU.ActiveCfg = Debug|Any CPU
		{8DEE43B5-4063-4F9D-974A-C368C8294178}.Deploy [DEBUG]|Any CPU.Build.0 = Debug|Any CPU
		{8DEE43B5-4063-4F9D-974A-C368C8294178}.Deploy [RELEASE]|Any CPU.ActiveCfg = Debug|Any CPU
		{8DEE43B5-4063-4F9D-974A-C368C8294178}.Deploy [RELEASE]|Any CPU.Build.0 = Debug|Any CPU
		{8DEE43B5-4063-4F9D-974A-C368C8294178}.NuGet|Any CPU.ActiveCfg = Release|Any CPU
		{8DEE43B5-4063-4F9D-974A-C368C8294178}.NuGet|Any CPU.Build.0 = Release|Any CPU
		{8DEE43B5-4063-4F9D-974A-C368C8294178}.Release|Any CPU.ActiveCfg = Release|Any CPU
		{8DEE43B5-4063-4F9D-974A-C368C8294178}.Release|Any CPU.Build.0 = Release|Any CPU
		{B564287E-94B9-485F-B381-4472CC5A3A89}.Debug|Any CPU.ActiveCfg = Debug|Any CPU
		{B564287E-94B9-485F-B381-4472CC5A3A89}.Debug|Any CPU.Build.0 = Debug|Any CPU
		{B564287E-94B9-485F-B381-4472CC5A3A89}.Deploy [DEBUG]|Any CPU.ActiveCfg = Debug|Any CPU
		{B564287E-94B9-485F-B381-4472CC5A3A89}.Deploy [DEBUG]|Any CPU.Build.0 = Debug|Any CPU
		{B564287E-94B9-485F-B381-4472CC5A3A89}.Deploy [RELEASE]|Any CPU.ActiveCfg = Debug|Any CPU
		{B564287E-94B9-485F-B381-4472CC5A3A89}.Deploy [RELEASE]|Any CPU.Build.0 = Debug|Any CPU
		{B564287E-94B9-485F-B381-4472CC5A3A89}.NuGet|Any CPU.ActiveCfg = Release|Any CPU
		{B564287E-94B9-485F-B381-4472CC5A3A89}.NuGet|Any CPU.Build.0 = Release|Any CPU
		{B564287E-94B9-485F-B381-4472CC5A3A89}.Release|Any CPU.ActiveCfg = Release|Any CPU
		{B564287E-94B9-485F-B381-4472CC5A3A89}.Release|Any CPU.Build.0 = Release|Any CPU
		{AE265438-E5D0-4353-8D64-4C1F1D972A4E}.Debug|Any CPU.ActiveCfg = Debug|Any CPU
		{AE265438-E5D0-4353-8D64-4C1F1D972A4E}.Debug|Any CPU.Build.0 = Debug|Any CPU
		{AE265438-E5D0-4353-8D64-4C1F1D972A4E}.Deploy [DEBUG]|Any CPU.ActiveCfg = Deploy [DEBUG]|Any CPU
		{AE265438-E5D0-4353-8D64-4C1F1D972A4E}.Deploy [DEBUG]|Any CPU.Build.0 = Deploy [DEBUG]|Any CPU
		{AE265438-E5D0-4353-8D64-4C1F1D972A4E}.Deploy [RELEASE]|Any CPU.ActiveCfg = Deploy [RELEASE]|Any CPU
		{AE265438-E5D0-4353-8D64-4C1F1D972A4E}.Deploy [RELEASE]|Any CPU.Build.0 = Deploy [RELEASE]|Any CPU
		{AE265438-E5D0-4353-8D64-4C1F1D972A4E}.NuGet|Any CPU.ActiveCfg = Deploy [RELEASE]|Any CPU
		{AE265438-E5D0-4353-8D64-4C1F1D972A4E}.NuGet|Any CPU.Build.0 = Deploy [RELEASE]|Any CPU
		{AE265438-E5D0-4353-8D64-4C1F1D972A4E}.Release|Any CPU.ActiveCfg = Release|Any CPU
		{AE265438-E5D0-4353-8D64-4C1F1D972A4E}.Release|Any CPU.Build.0 = Release|Any CPU
	EndGlobalSection
	GlobalSection(SolutionProperties) = preSolution
		HideSolutionNode = FALSE
	EndGlobalSection
EndGlobal
